
Microsoft Visual Studio Solution File, Format Version 12.00
# Visual Studio Version 17
VisualStudioVersion = 17.1.32228.430
MinimumVisualStudioVersion = 10.0.40219.1
Project("{9A19103F-16F7-4668-BE54-9A1E7A4F7556}") = "OtpCore", "OtpCore\OtpCore.csproj", "{F9221BDD-8D1F-49DC-8946-0DAD6AC0A3AB}"
EndProject
Project("{9A19103F-16F7-4668-BE54-9A1E7A4F7556}") = "TestOtpCore", "TestOtpCore\TestOtpCore.csproj", "{A085D32D-D12E-4F2B-83C9-1B1CD6E33295}"
EndProject
Project("{2150E333-8FDC-42A3-9474-1A3956D46DE8}") = "Solution Items", "Solution Items", "{5CF61A58-176F-4A68-AAFF-1929CF28CAD6}"
	ProjectSection(SolutionItems) = preProject
		appveyor-prebuild.ps1 = appveyor-prebuild.ps1
		appveyor.yml = appveyor.yml
		OTP.png = OTP.png
		README.md = README.md
	EndProjectSection
EndProject
Project("{FAE04EC0-301F-11D3-BF4B-00C04F79EFBC}") = "OtpUriToQrCode", "TotpUriToQrCode\OtpUriToQrCode.csproj", "{A683E287-0367-49E6-8730-A11562384ED4}"
EndProject
Global
	GlobalSection(SolutionConfigurationPlatforms) = preSolution
		Debug|Any CPU = Debug|Any CPU
		Release|Any CPU = Release|Any CPU
	EndGlobalSection
	GlobalSection(ProjectConfigurationPlatforms) = postSolution
		{F9221BDD-8D1F-49DC-8946-0DAD6AC0A3AB}.Debug|Any CPU.ActiveCfg = Debug|Any CPU
		{F9221BDD-8D1F-49DC-8946-0DAD6AC0A3AB}.Debug|Any CPU.Build.0 = Debug|Any CPU
		{F9221BDD-8D1F-49DC-8946-0DAD6AC0A3AB}.Release|Any CPU.ActiveCfg = Release|Any CPU
		{F9221BDD-8D1F-49DC-8946-0DAD6AC0A3AB}.Release|Any CPU.Build.0 = Release|Any CPU
		{A085D32D-D12E-4F2B-83C9-1B1CD6E33295}.Debug|Any CPU.ActiveCfg = Debug|Any CPU
		{A085D32D-D12E-4F2B-83C9-1B1CD6E33295}.Debug|Any CPU.Build.0 = Debug|Any CPU
		{A085D32D-D12E-4F2B-83C9-1B1CD6E33295}.Release|Any CPU.ActiveCfg = Release|Any CPU
		{A085D32D-D12E-4F2B-83C9-1B1CD6E33295}.Release|Any CPU.Build.0 = Release|Any CPU
		{A683E287-0367-49E6-8730-A11562384ED4}.Debug|Any CPU.ActiveCfg = Debug|Any CPU
		{A683E287-0367-49E6-8730-A11562384ED4}.Debug|Any CPU.Build.0 = Debug|Any CPU
		{A683E287-0367-49E6-8730-A11562384ED4}.Release|Any CPU.ActiveCfg = Release|Any CPU
		{A683E287-0367-49E6-8730-A11562384ED4}.Release|Any CPU.Build.0 = Release|Any CPU
	EndGlobalSection
	GlobalSection(SolutionProperties) = preSolution
		HideSolutionNode = FALSE
	EndGlobalSection
	GlobalSection(ExtensibilityGlobals) = postSolution
		SolutionGuid = {6D26A502-416A-46EB-A87B-EEC1E960C63F}
	EndGlobalSection
EndGlobal
